
Microsoft Visual Studio Solution File, Format Version 12.00
# Visual Studio Version 17
VisualStudioVersion = 17.8.34408.163
MinimumVisualStudioVersion = 10.0.40219.1
Project("{9A19103F-16F7-4668-BE54-9A1E7A4F7556}") = "Client", "Client\Client.csproj", "{86090DEA-074D-4E31-BD9D-C6C4AD97172A}"
EndProject
Project("{9A19103F-16F7-4668-BE54-9A1E7A4F7556}") = "Server", "Server\Server.csproj", "{40383D1A-D78B-43F9-A7E9-99CE65B75B00}"
EndProject
Project("{9A19103F-16F7-4668-BE54-9A1E7A4F7556}") = "SharedLibrary", "SharedLibrary\SharedLibrary.csproj", "{E7AA3FF4-7E4C-4BA2-A5AB-BF76A559672E}"
EndProject
Global
	GlobalSection(SolutionConfigurationPlatforms) = preSolution
		Debug|Any CPU = Debug|Any CPU
		Debug|x64 = Debug|x64
		Release|Any CPU = Release|Any CPU
		Release|x64 = Release|x64
	EndGlobalSection
	GlobalSection(ProjectConfigurationPlatforms) = postSolution
		{86090DEA-074D-4E31-BD9D-C6C4AD97172A}.Debug|Any CPU.ActiveCfg = Debug|Any CPU
		{86090DEA-074D-4E31-BD9D-C6C4AD97172A}.Debug|Any CPU.Build.0 = Debug|Any CPU
		{86090DEA-074D-4E31-BD9D-C6C4AD97172A}.Debug|x64.ActiveCfg = Debug|x64
		{86090DEA-074D-4E31-BD9D-C6C4AD97172A}.Debug|x64.Build.0 = Debug|x64
		{86090DEA-074D-4E31-BD9D-C6C4AD97172A}.Release|Any CPU.ActiveCfg = Release|Any CPU
		{86090DEA-074D-4E31-BD9D-C6C4AD97172A}.Release|Any CPU.Build.0 = Release|Any CPU
		{86090DEA-074D-4E31-BD9D-C6C4AD97172A}.Release|x64.ActiveCfg = Release|x64
		{86090DEA-074D-4E31-BD9D-C6C4AD97172A}.Release|x64.Build.0 = Release|x64
		{40383D1A-D78B-43F9-A7E9-99CE65B75B00}.Debug|Any CPU.ActiveCfg = Debug|Any CPU
		{40383D1A-D78B-43F9-A7E9-99CE65B75B00}.Debug|Any CPU.Build.0 = Debug|Any CPU
		{40383D1A-D78B-43F9-A7E9-99CE65B75B00}.Debug|x64.ActiveCfg = Debug|x64
		{40383D1A-D78B-43F9-A7E9-99CE65B75B00}.Debug|x64.Build.0 = Debug|x64
		{40383D1A-D78B-43F9-A7E9-99CE65B75B00}.Release|Any CPU.ActiveCfg = Release|Any CPU
		{40383D1A-D78B-43F9-A7E9-99CE65B75B00}.Release|Any CPU.Build.0 = Release|Any CPU
		{40383D1A-D78B-43F9-A7E9-99CE65B75B00}.Release|x64.ActiveCfg = Release|Any CPU
		{40383D1A-D78B-43F9-A7E9-99CE65B75B00}.Release|x64.Build.0 = Release|Any CPU
		{E7AA3FF4-7E4C-4BA2-A5AB-BF76A559672E}.Debug|Any CPU.ActiveCfg = Debug|Any CPU
		{E7AA3FF4-7E4C-4BA2-A5AB-BF76A559672E}.Debug|Any CPU.Build.0 = Debug|Any CPU
		{E7AA3FF4-7E4C-4BA2-A5AB-BF76A559672E}.Debug|x64.ActiveCfg = Debug|x64
		{E7AA3FF4-7E4C-4BA2-A5AB-BF76A559672E}.Debug|x64.Build.0 = Debug|x64
		{E7AA3FF4-7E4C-4BA2-A5AB-BF76A559672E}.Release|Any CPU.ActiveCfg = Release|Any CPU
		{E7AA3FF4-7E4C-4BA2-A5AB-BF76A559672E}.Release|Any CPU.Build.0 = Release|Any CPU
		{E7AA3FF4-7E4C-4BA2-A5AB-BF76A559672E}.Release|x64.ActiveCfg = Release|Any CPU
		{E7AA3FF4-7E4C-4BA2-A5AB-BF76A559672E}.Release|x64.Build.0 = Release|Any CPU
	EndGlobalSection
	GlobalSection(SolutionProperties) = preSolution
		HideSolutionNode = FALSE
	EndGlobalSection
	GlobalSection(ExtensibilityGlobals) = postSolution
		SolutionGuid = {082C8AC5-FEAC-48E7-8EA8-6F3A9E7ECC58}
	EndGlobalSection
EndGlobal
